
Microsoft Visual Studio Solution File, Format Version 12.00
# Visual Studio Version 17
VisualStudioVersion = 17.2.32526.322
MinimumVisualStudioVersion = 10.0.40219.1
Project("{FAE04EC0-301F-11D3-BF4B-00C04F79EFBC}") = "ApiSTC", "ApiSTC\ApiSTC.csproj", "{4F8F6ED3-DFC8-410F-8B9B-98115E94D06B}"
EndProject
Global
	GlobalSection(SolutionConfigurationPlatforms) = preSolution
		Debug|Any CPU = Debug|Any CPU
		Release|Any CPU = Release|Any CPU
	EndGlobalSection
	GlobalSection(ProjectConfigurationPlatforms) = postSolution
		{4F8F6ED3-DFC8-410F-8B9B-98115E94D06B}.Debug|Any CPU.ActiveCfg = Debug|Any CPU
		{4F8F6ED3-DFC8-410F-8B9B-98115E94D06B}.Debug|Any CPU.Build.0 = Debug|Any CPU
		{4F8F6ED3-DFC8-410F-8B9B-98115E94D06B}.Release|Any CPU.ActiveCfg = Release|Any CPU
		{4F8F6ED3-DFC8-410F-8B9B-98115E94D06B}.Release|Any CPU.Build.0 = Release|Any CPU
	EndGlobalSection
	GlobalSection(SolutionProperties) = preSolution
		HideSolutionNode = FALSE
	EndGlobalSection
	GlobalSection(ExtensibilityGlobals) = postSolution
		SolutionGuid = {69D76BC4-BB6D-4FD8-A331-0DDC2A50AC7F}
	EndGlobalSection
EndGlobal
